
Microsoft Visual Studio Solution File, Format Version 11.00
# Visual Studio Version 17

Project("{8BC9CEB8-8B4A-11D0-8D11-00A0C91BC942}") = "CMLS-Juce - Standalone Plugin", "CMLS-Juce_StandalonePlugin.vcxproj", "{44A70F37-E20A-E0D0-A5E1-36115546D728}"
	ProjectSection(ProjectDependencies) = postProject
		{03B78B8D-D730-2079-EAC8-0E6070E604C7} = {03B78B8D-D730-2079-EAC8-0E6070E604C7}
	EndProjectSection
EndProject
Project("{8BC9CEB8-8B4A-11D0-8D11-00A0C91BC942}") = "CMLS-Juce - VST3", "CMLS-Juce_VST3.vcxproj", "{9B890768-0427-F61F-C0ED-11D3B0E4E8AD}"
	ProjectSection(ProjectDependencies) = postProject
		{03B78B8D-D730-2079-EAC8-0E6070E604C7} = {03B78B8D-D730-2079-EAC8-0E6070E604C7}
		{E7DACFE6-8058-BE0F-154E-6B5DF635D4DE} = {E7DACFE6-8058-BE0F-154E-6B5DF635D4DE}
	EndProjectSection
EndProject
Project("{8BC9CEB8-8B4A-11D0-8D11-00A0C91BC942}") = "CMLS-Juce - Shared Code", "CMLS-Juce_SharedCode.vcxproj", "{03B78B8D-D730-2079-EAC8-0E6070E604C7}"
EndProject
Project("{8BC9CEB8-8B4A-11D0-8D11-00A0C91BC942}") = "CMLS-Juce - VST3 Manifest Helper", "CMLS-Juce_VST3ManifestHelper.vcxproj", "{E7DACFE6-8058-BE0F-154E-6B5DF635D4DE}"
EndProject
Global
	GlobalSection(SolutionConfigurationPlatforms) = preSolution
		Debug|x64 = Debug|x64
		Release|x64 = Release|x64
	EndGlobalSection
	GlobalSection(ProjectConfigurationPlatforms) = postSolution
		{9B890768-0427-F61F-C0ED-11D3B0E4E8AD}.Debug|x64.ActiveCfg = Debug|x64
		{9B890768-0427-F61F-C0ED-11D3B0E4E8AD}.Debug|x64.Build.0 = Debug|x64
		{9B890768-0427-F61F-C0ED-11D3B0E4E8AD}.Release|x64.ActiveCfg = Release|x64
		{9B890768-0427-F61F-C0ED-11D3B0E4E8AD}.Release|x64.Build.0 = Release|x64
		{44A70F37-E20A-E0D0-A5E1-36115546D728}.Debug|x64.ActiveCfg = Debug|x64
		{44A70F37-E20A-E0D0-A5E1-36115546D728}.Debug|x64.Build.0 = Debug|x64
		{44A70F37-E20A-E0D0-A5E1-36115546D728}.Release|x64.ActiveCfg = Release|x64
		{44A70F37-E20A-E0D0-A5E1-36115546D728}.Release|x64.Build.0 = Release|x64
		{03B78B8D-D730-2079-EAC8-0E6070E604C7}.Debug|x64.ActiveCfg = Debug|x64
		{03B78B8D-D730-2079-EAC8-0E6070E604C7}.Debug|x64.Build.0 = Debug|x64
		{03B78B8D-D730-2079-EAC8-0E6070E604C7}.Release|x64.ActiveCfg = Release|x64
		{03B78B8D-D730-2079-EAC8-0E6070E604C7}.Release|x64.Build.0 = Release|x64
		{E7DACFE6-8058-BE0F-154E-6B5DF635D4DE}.Debug|x64.ActiveCfg = Debug|x64
		{E7DACFE6-8058-BE0F-154E-6B5DF635D4DE}.Debug|x64.Build.0 = Debug|x64
		{E7DACFE6-8058-BE0F-154E-6B5DF635D4DE}.Release|x64.ActiveCfg = Release|x64
		{E7DACFE6-8058-BE0F-154E-6B5DF635D4DE}.Release|x64.Build.0 = Release|x64
	EndGlobalSection
	GlobalSection(SolutionProperties) = preSolution
		HideSolutionNode = FALSE
	EndGlobalSection
EndGlobal
